
Microsoft Visual Studio Solution File, Format Version 12.00
# Visual Studio 15
Project("{FAE04EC0-301F-11D3-BF4B-00C04F79EFBC}") = "Assembly-CSharp", "Assembly-CSharp.csproj", "{DBC96935-CCBE-A785-CEF3-864F225DBD5E}"
EndProject
Project("{FAE04EC0-301F-11D3-BF4B-00C04F79EFBC}") = "Assembly-CSharp-Editor", "Assembly-CSharp-Editor.csproj", "{E60C1755-B85A-640D-707A-8A3B98EE59FD}"
EndProject
Global
	GlobalSection(SolutionConfigurationPlatforms) = preSolution
		Debug|Any CPU = Debug|Any CPU
		Release|Any CPU = Release|Any CPU
	EndGlobalSection
	GlobalSection(ProjectConfigurationPlatforms) = postSolution
		{DBC96935-CCBE-A785-CEF3-864F225DBD5E}.Debug|Any CPU.ActiveCfg = Debug|Any CPU
		{DBC96935-CCBE-A785-CEF3-864F225DBD5E}.Debug|Any CPU.Build.0 = Debug|Any CPU
		{DBC96935-CCBE-A785-CEF3-864F225DBD5E}.Release|Any CPU.ActiveCfg = Release|Any CPU
		{DBC96935-CCBE-A785-CEF3-864F225DBD5E}.Release|Any CPU.Build.0 = Release|Any CPU
		{E60C1755-B85A-640D-707A-8A3B98EE59FD}.Debug|Any CPU.ActiveCfg = Debug|Any CPU
		{E60C1755-B85A-640D-707A-8A3B98EE59FD}.Debug|Any CPU.Build.0 = Debug|Any CPU
		{E60C1755-B85A-640D-707A-8A3B98EE59FD}.Release|Any CPU.ActiveCfg = Release|Any CPU
		{E60C1755-B85A-640D-707A-8A3B98EE59FD}.Release|Any CPU.Build.0 = Release|Any CPU
	EndGlobalSection
	GlobalSection(SolutionProperties) = preSolution
		HideSolutionNode = FALSE
	EndGlobalSection
EndGlobal
